
Microsoft Visual Studio Solution File, Format Version 12.00
# Visual Studio Version 17
VisualStudioVersion = 17.10.35027.167
MinimumVisualStudioVersion = 10.0.40219.1
Project("{9A19103F-16F7-4668-BE54-9A1E7A4F7556}") = "CoreFederazione", "CoreFederazione.csproj", "{B606D696-C58E-4C26-BA2F-0C29F6E78EED}"
EndProject
Project("{FAE04EC0-301F-11D3-BF4B-00C04F79EFBC}") = "ConsoleFederazione", "..\ConsoleFederazione\ConsoleFederazione.csproj", "{5FEF2E0C-F319-4C2C-A57E-49E39C981783}"
EndProject
Global
	GlobalSection(SolutionConfigurationPlatforms) = preSolution
		Debug|Any CPU = Debug|Any CPU
		Release|Any CPU = Release|Any CPU
	EndGlobalSection
	GlobalSection(ProjectConfigurationPlatforms) = postSolution
		{B606D696-C58E-4C26-BA2F-0C29F6E78EED}.Debug|Any CPU.ActiveCfg = Debug|Any CPU
		{B606D696-C58E-4C26-BA2F-0C29F6E78EED}.Debug|Any CPU.Build.0 = Debug|Any CPU
		{B606D696-C58E-4C26-BA2F-0C29F6E78EED}.Release|Any CPU.ActiveCfg = Release|Any CPU
		{B606D696-C58E-4C26-BA2F-0C29F6E78EED}.Release|Any CPU.Build.0 = Release|Any CPU
		{5FEF2E0C-F319-4C2C-A57E-49E39C981783}.Debug|Any CPU.ActiveCfg = Debug|Any CPU
		{5FEF2E0C-F319-4C2C-A57E-49E39C981783}.Debug|Any CPU.Build.0 = Debug|Any CPU
		{5FEF2E0C-F319-4C2C-A57E-49E39C981783}.Release|Any CPU.ActiveCfg = Release|Any CPU
		{5FEF2E0C-F319-4C2C-A57E-49E39C981783}.Release|Any CPU.Build.0 = Release|Any CPU
	EndGlobalSection
	GlobalSection(SolutionProperties) = preSolution
		HideSolutionNode = FALSE
	EndGlobalSection
	GlobalSection(ExtensibilityGlobals) = postSolution
		SolutionGuid = {6E3013E3-BC93-452D-AA31-C90058D4E97E}
	EndGlobalSection
EndGlobal
